
Microsoft Visual Studio Solution File, Format Version 12.00
# Visual Studio Version 16
VisualStudioVersion = 16.0.29728.190
MinimumVisualStudioVersion = 10.0.40219.1
Project("{9A19103F-16F7-4668-BE54-9A1E7A4F7556}") = "ADFASPNETCoreApp", "ADF ASPNETCoreApp\ADFASPNETCoreApp.csproj", "{BDDDACA6-A857-43E1-A7CB-8EC0BD5FD76A}"
EndProject
Global
	GlobalSection(SolutionConfigurationPlatforms) = preSolution
		Debug|Any CPU = Debug|Any CPU
		Release|Any CPU = Release|Any CPU
	EndGlobalSection
	GlobalSection(ProjectConfigurationPlatforms) = postSolution
		{BDDDACA6-A857-43E1-A7CB-8EC0BD5FD76A}.Debug|Any CPU.ActiveCfg = Debug|Any CPU
		{BDDDACA6-A857-43E1-A7CB-8EC0BD5FD76A}.Debug|Any CPU.Build.0 = Debug|Any CPU
		{BDDDACA6-A857-43E1-A7CB-8EC0BD5FD76A}.Release|Any CPU.ActiveCfg = Release|Any CPU
		{BDDDACA6-A857-43E1-A7CB-8EC0BD5FD76A}.Release|Any CPU.Build.0 = Release|Any CPU
	EndGlobalSection
	GlobalSection(SolutionProperties) = preSolution
		HideSolutionNode = FALSE
	EndGlobalSection
	GlobalSection(ExtensibilityGlobals) = postSolution
		SolutionGuid = {39880630-0AC3-4860-9243-A7028AEB9BD9}
	EndGlobalSection
EndGlobal
